
Microsoft Visual Studio Solution File, Format Version 12.00
# Visual Studio Version 16
VisualStudioVersion = 16.0.30413.136
MinimumVisualStudioVersion = 10.0.40219.1
Project("{F184B08F-C81C-45F6-A57F-5ABD9991F28F}") = "MyNotepad", "MyNotepad\MyNotepad.vbproj", "{DFEBD016-CB59-4C16-8F3F-49AFED2DC053}"
EndProject
Global
	GlobalSection(SolutionConfigurationPlatforms) = preSolution
		Debug|Any CPU = Debug|Any CPU
		Release|Any CPU = Release|Any CPU
	EndGlobalSection
	GlobalSection(ProjectConfigurationPlatforms) = postSolution
		{DFEBD016-CB59-4C16-8F3F-49AFED2DC053}.Debug|Any CPU.ActiveCfg = Debug|Any CPU
		{DFEBD016-CB59-4C16-8F3F-49AFED2DC053}.Debug|Any CPU.Build.0 = Debug|Any CPU
		{DFEBD016-CB59-4C16-8F3F-49AFED2DC053}.Release|Any CPU.ActiveCfg = Release|Any CPU
		{DFEBD016-CB59-4C16-8F3F-49AFED2DC053}.Release|Any CPU.Build.0 = Release|Any CPU
	EndGlobalSection
	GlobalSection(SolutionProperties) = preSolution
		HideSolutionNode = FALSE
	EndGlobalSection
	GlobalSection(ExtensibilityGlobals) = postSolution
		SolutionGuid = {1EC4817C-6E5F-4B53-AAEA-1335B9BABD0A}
	EndGlobalSection
EndGlobal
